
Microsoft Visual Studio Solution File, Format Version 12.00
# Visual Studio 15
VisualStudioVersion = 15.0.28010.2036
MinimumVisualStudioVersion = 10.0.40219.1
Project("{FAE04EC0-301F-11D3-BF4B-00C04F79EFBC}") = "dossier", "dossier\dossier.csproj", "{3B6B9CFF-5770-4232-BAD1-3EDC2B6354DE}"
EndProject
Project("{FAE04EC0-301F-11D3-BF4B-00C04F79EFBC}") = "Engine", "Engine\Engine.csproj", "{69BCE807-7464-467F-9941-B38267A5332A}"
EndProject
Global
	GlobalSection(SolutionConfigurationPlatforms) = preSolution
		Debug|Any CPU = Debug|Any CPU
		Release|Any CPU = Release|Any CPU
	EndGlobalSection
	GlobalSection(ProjectConfigurationPlatforms) = postSolution
		{3B6B9CFF-5770-4232-BAD1-3EDC2B6354DE}.Debug|Any CPU.ActiveCfg = Debug|Any CPU
		{3B6B9CFF-5770-4232-BAD1-3EDC2B6354DE}.Debug|Any CPU.Build.0 = Debug|Any CPU
		{3B6B9CFF-5770-4232-BAD1-3EDC2B6354DE}.Release|Any CPU.ActiveCfg = Release|Any CPU
		{3B6B9CFF-5770-4232-BAD1-3EDC2B6354DE}.Release|Any CPU.Build.0 = Release|Any CPU
		{69BCE807-7464-467F-9941-B38267A5332A}.Debug|Any CPU.ActiveCfg = Debug|Any CPU
		{69BCE807-7464-467F-9941-B38267A5332A}.Debug|Any CPU.Build.0 = Debug|Any CPU
		{69BCE807-7464-467F-9941-B38267A5332A}.Release|Any CPU.ActiveCfg = Release|Any CPU
		{69BCE807-7464-467F-9941-B38267A5332A}.Release|Any CPU.Build.0 = Release|Any CPU
	EndGlobalSection
	GlobalSection(SolutionProperties) = preSolution
		HideSolutionNode = FALSE
	EndGlobalSection
	GlobalSection(ExtensibilityGlobals) = postSolution
		SolutionGuid = {DFB79973-2E93-4A7A-93E4-C90502E95889}
	EndGlobalSection
EndGlobal
